
Microsoft Visual Studio Solution File, Format Version 12.00
# Visual Studio Version 17
VisualStudioVersion = 17.4.33403.182
MinimumVisualStudioVersion = 10.0.40219.1
Project("{FAE04EC0-301F-11D3-BF4B-00C04F79EFBC}") = "FizzBuzz", "FizzBuzz\FizzBuzz.csproj", "{67A93EFC-BA58-4AB5-8D6E-6213B810604C}"
EndProject
Global
	GlobalSection(SolutionConfigurationPlatforms) = preSolution
		Debug|Any CPU = Debug|Any CPU
		Release|Any CPU = Release|Any CPU
	EndGlobalSection
	GlobalSection(ProjectConfigurationPlatforms) = postSolution
		{67A93EFC-BA58-4AB5-8D6E-6213B810604C}.Debug|Any CPU.ActiveCfg = Debug|Any CPU
		{67A93EFC-BA58-4AB5-8D6E-6213B810604C}.Debug|Any CPU.Build.0 = Debug|Any CPU
		{67A93EFC-BA58-4AB5-8D6E-6213B810604C}.Release|Any CPU.ActiveCfg = Release|Any CPU
		{67A93EFC-BA58-4AB5-8D6E-6213B810604C}.Release|Any CPU.Build.0 = Release|Any CPU
	EndGlobalSection
	GlobalSection(SolutionProperties) = preSolution
		HideSolutionNode = FALSE
	EndGlobalSection
	GlobalSection(ExtensibilityGlobals) = postSolution
		SolutionGuid = {19AC350F-1DD3-4AF3-AB84-C0E3A7067ABD}
	EndGlobalSection
EndGlobal
